
Microsoft Visual Studio Solution File, Format Version 12.00
# Visual Studio Version 17
VisualStudioVersion = 17.14.36511.14
MinimumVisualStudioVersion = 10.0.40219.1
Project("{FAE04EC0-301F-11D3-BF4B-00C04F79EFBC}") = "ratSIGN", "ratSIGN.csproj", "{B270C310-5320-4B85-982A-F2AD1D4589F2}"
EndProject
Project("{FAE04EC0-301F-11D3-BF4B-00C04F79EFBC}") = "ratCORE.Signing", "libs\ratCORE.Signing\ratCORE.Signing.csproj", "{BF7CEACF-3F5A-4622-61E8-4A029305F911}"
EndProject
Global
	GlobalSection(SolutionConfigurationPlatforms) = preSolution
		Debug|Any CPU = Debug|Any CPU
		Release|Any CPU = Release|Any CPU
	EndGlobalSection
	GlobalSection(ProjectConfigurationPlatforms) = postSolution
		{B270C310-5320-4B85-982A-F2AD1D4589F2}.Debug|Any CPU.ActiveCfg = Debug|Any CPU
		{B270C310-5320-4B85-982A-F2AD1D4589F2}.Debug|Any CPU.Build.0 = Debug|Any CPU
		{B270C310-5320-4B85-982A-F2AD1D4589F2}.Release|Any CPU.ActiveCfg = Release|Any CPU
		{B270C310-5320-4B85-982A-F2AD1D4589F2}.Release|Any CPU.Build.0 = Release|Any CPU
		{BF7CEACF-3F5A-4622-61E8-4A029305F911}.Debug|Any CPU.ActiveCfg = Debug|Any CPU
		{BF7CEACF-3F5A-4622-61E8-4A029305F911}.Debug|Any CPU.Build.0 = Debug|Any CPU
		{BF7CEACF-3F5A-4622-61E8-4A029305F911}.Release|Any CPU.ActiveCfg = Release|Any CPU
		{BF7CEACF-3F5A-4622-61E8-4A029305F911}.Release|Any CPU.Build.0 = Release|Any CPU
	EndGlobalSection
	GlobalSection(SolutionProperties) = preSolution
		HideSolutionNode = FALSE
	EndGlobalSection
	GlobalSection(ExtensibilityGlobals) = postSolution
		SolutionGuid = {1CF28F04-C4DB-49D3-8FB1-1D5848F66767}
	EndGlobalSection
EndGlobal
